github.com/Appkube-awsx/awsx-common v1.3.4 h1:Z9KFokfrYLaKROZAM+jhyRrg7fzdBd47ydhS8aQ6AhE=
github.com/Appkube-awsx/awsx-common v1.3.4/go.mod h1:UAkkTaLOByfWgYiUGiryj7qz5yK2tTrrhBT1Da3X1ZY=
github.com/Appkube-awsx/awsx-common v1.3.8 h1:NJcaZI5SdXVxdl8zbUN6usElGTVJSF5SJJkp6zjlK2E=
github.com/Appkube-awsx/awsx-common v1.3.8/go.mod h1:UAkkTaLOByfWgYiUGiryj7qz5yK2tTrrhBT1Da3X1ZY=
github.com/Appkube-awsx/awsx-getelementdetails v1.4.9 h1:ZRaEaO02mN2sp2JhlGDdpGBdLKJj1xkL4RtWitqEO9k=
github.com/Appkube-awsx/awsx-getelementdetails v1.4.9/go.mod h1:Pxrul6XUXuPbDA+i3qf8/rc6cEhoqF5dJYTAI8mzoM8=
github.com/Appkube-awsx/awsx-getelementdetails v1.5.3 h1:Hwlc1ZBXuQmZEvWvhOJqTryjhr3zIkwt+E13CN5U63Q=
github.com/Appkube-awsx/awsx-getelementdetails v1.5.3/go.mod h1:Pxrul6XUXuPbDA+i3qf8/rc6cEhoqF5dJYTAI8mzoM8=
github.com/Appkube-awsx/awsx-getelementdetails v1.5.5 h1:EPEcMSrEWUTsoEsYGMPn5Hm0Gj0Xxo1PJxbM5nkcO4s=
github.com/Appkube-awsx/awsx-getelementdetails v1.5.5/go.mod h1:Pxrul6XUXuPbDA+i3qf8/rc6cEhoqF5dJYTAI8mzoM8=
github.com/Appkube-awsx/awsx-getelementdetails v1.5.9 h1:PxITY++xZqjOxgjl+w6kP9nFwvjfwsLKGyh1+sA7Pvo=
github.com/Appkube-awsx/awsx-getelementdetails v1.5.9/go.mod h1:Pxrul6XUXuPbDA+i3qf8/rc6cEhoqF5dJYTAI8mzoM8=
github.com/Appkube-awsx/awsx-getelementdetails v1.5.10 h1:aheGYaOaIIBUrIw0gE8k333kYYkl+Hqb9y/13GqM+K4=
github.com/Appkube-awsx/awsx-getelementdetails v1.5.10/go.mod h1:y2FNy6NCyF7Ol1+SQ0BY2xleSo4++/z80hN4hQJDlMk=
github.com/Appkube-awsx/awsx-getelementdetails v1.6.0 h1:OJkWF8RcCuNvbZ29p6u6mlbYR4M15ckUaCpAQO5OdDU=
github.com/Appkube-awsx/awsx-getelementdetails v1.6.0/go.mod h1:y2FNy6NCyF7Ol1+SQ0BY2xleSo4++/z80hN4hQJDlMk=
github.com/Appkube-awsx/awsx-getelementdetails v1.6.1 h1:tP/SIVj/4G3a4JwXnvx/T5/VFb3G2Q/r9kP19mfi5zo=
github.com/Appkube-awsx/awsx-getelementdetails v1.6.1/go.mod h1:y2FNy6NCyF7Ol1+SQ0BY2xleSo4++/z80hN4hQJDlMk=
github.com/Appkube-awsx/awsx-getelementdetails v1.6.2 h1:wmrSTVhrMCH5E+dn+x9AM/8lwyiX9OYCU8iolF6AR4g=
github.com/Appkube-awsx/awsx-getelementdetails v1.6.2/go.mod h1:y2FNy6NCyF7Ol1+SQ0BY2xleSo4++/z80hN4hQJDlMk=
github.com/Appkube-awsx/awsx-getelementdetails v1.6.3 h1:P2JQX8rw2bCz4rpPm3MlCc9h6B2Z6aE+KveAKzK6sj0=
github.com/Appkube-awsx/awsx-getelementdetails v1.6.3/go.mod h1:y2FNy6NCyF7Ol1+SQ0BY2xleSo4++/z80hN4hQJDlMk=
github.com/Appkube-awsx/awsx-getelementdetails v1.6.4 h1:DtaTB0zadIkNaQMpCS8lc4y7XhxoEk3crj4KlAlRLgU=
github.com/Appkube-awsx/awsx-getelementdetails v1.6.4/go.mod h1:y2FNy6NCyF7Ol1+SQ0BY2xleSo4++/z80hN4hQJDlMk=
github.com/Appkube-awsx/awsx-getelementdetails v1.6.5 h1:3MOOkP26Ny2FLMTIUTGahg47u8AwsRlYyIN7Y1BLOdY=
github.com/Appkube-awsx/awsx-getelementdetails v1.6.5/go.mod h1:y2FNy6NCyF7Ol1+SQ0BY2xleSo4++/z80hN4hQJDlMk=
github.com/Appkube-awsx/awsx-getelementdetails v1.6.7 h1:tos8aMbV3YqRaIqfbCgdWevLwdyNLkC8iqhHbQwTl/0=
github.com/Appkube-awsx/awsx-getelementdetails v1.6.7/go.mod h1:y2FNy6NCyF7Ol1+SQ0BY2xleSo4++/z80hN4hQJDlMk=
github.com/Appkube-awsx/awsx-getelementdetails v1.6.9 h1:nrCNkrPuVPB3iyeeoXHIWgcDtjECpyjHub9AhXb8Dlc=
github.com/Appkube-awsx/awsx-getelementdetails v1.6.9/go.mod h1:y2FNy6NCyF7Ol1+SQ0BY2xleSo4++/z80hN4hQJDlMk=
github.com/Appkube-awsx/awsx-getelementdetails v1.6.10 h1:1elZjJRobIHo9DYMYxUAZQLBa0LplRSt0Wlpzv1xkgM=
github.com/Appkube-awsx/awsx-getelementdetails v1.6.10/go.mod h1:y2FNy6NCyF7Ol1+SQ0BY2xleSo4++/z80hN4hQJDlMk=
github.com/Appkube-awsx/awsx-getelementdetails v1.7.0 h1:0EEiBXEvBEjjQvX4ASUTgkW4yTKXQAozooLY7EYk/cE=
github.com/Appkube-awsx/awsx-getelementdetails v1.7.0/go.mod h1:y2FNy6NCyF7Ol1+SQ0BY2xleSo4++/z80hN4hQJDlMk=
github.com/Appkube-awsx/awsx-getelementdetails v1.7.2 h1:UDnBFs5o4/AiI6NYRzkjDNPiGu2S+DoTrz61YUc6vxw=
github.com/Appkube-awsx/awsx-getelementdetails v1.7.2/go.mod h1:y2FNy6NCyF7Ol1+SQ0BY2xleSo4++/z80hN4hQJDlMk=
github.com/Appkube-awsx/awsx-getelementdetails v1.7.3 h1:vUk1dXbzM5t41sw/G8KNiXGPif4b3FrECi83QIjBIAY=
github.com/Appkube-awsx/awsx-getelementdetails v1.7.3/go.mod h1:y2FNy6NCyF7Ol1+SQ0BY2xleSo4++/z80hN4hQJDlMk=
github.com/Appkube-awsx/awsx-getelementdetails v1.7.4 h1:cC38SxWPWXcZNJ7i8E/WvcordgGEidds0zd82XLTx/s=
github.com/Appkube-awsx/awsx-getelementdetails v1.7.4/go.mod h1:y2FNy6NCyF7Ol1+SQ0BY2xleSo4++/z80hN4hQJDlMk=
github.com/Appkube-awsx/awsx-getelementdetails v1.7.5 h1:gAwyPAAU5NC+4TSaUQnGU8sMYCmOLGxItanns4EB06Q=
github.com/Appkube-awsx/awsx-getelementdetails v1.7.5/go.mod h1:y2FNy6NCyF7Ol1+SQ0BY2xleSo4++/z80hN4hQJDlMk=
github.com/Appkube-awsx/awsx-getelementdetails v1.7.7 h1:ra+dHC+hAqE+2ipCqPs2lXNd0bBR47AFTrLwXaplK3g=
github.com/Appkube-awsx/awsx-getelementdetails v1.7.7/go.mod h1:y2FNy6NCyF7Ol1+SQ0BY2xleSo4++/z80hN4hQJDlMk=
github.com/Appkube-awsx/awsx-getelementdetails v1.7.8 h1:KLyVvmv19rMuR5Tfhs5DVygCuwwzepaoTgS+qF15CMg=
github.com/Appkube-awsx/awsx-getelementdetails v1.7.8/go.mod h1:y2FNy6NCyF7Ol1+SQ0BY2xleSo4++/z80hN4hQJDlMk=
github.com/Appkube-awsx/awsx-getelementdetails v1.8.0 h1:GDPgQm9VV2IVrnVxG/G94jGMH9a1S3zjA5KH1WMwkes=
github.com/Appkube-awsx/awsx-getelementdetails v1.8.0/go.mod h1:y2FNy6NCyF7Ol1+SQ0BY2xleSo4++/z80hN4hQJDlMk=
github.com/Appkube-awsx/awsx-getelementdetails v1.8.1 h1:sg3QEAMQlgZIy9We2rHaDo1XEc4OeGIIYHJkiSrOiqQ=
github.com/Appkube-awsx/awsx-getelementdetails v1.8.1/go.mod h1:y2FNy6NCyF7Ol1+SQ0BY2xleSo4++/z80hN4hQJDlMk=
github.com/Appkube-awsx/awsx-getelementdetails v1.8.2 h1:4OQUZxof1TkHHlib7KJKG4LQFUFczLkddbwtYg2KtTY=
github.com/Appkube-awsx/awsx-getelementdetails v1.8.2/go.mod h1:y2FNy6NCyF7Ol1+SQ0BY2xleSo4++/z80hN4hQJDlMk=
github.com/Appkube-awsx/awsx-getelementdetails v1.8.3 h1:SnBIfxUBrIwEM2g4wUTu8eDj1/3Aymex/6bqkOnTXHw=
github.com/Appkube-awsx/awsx-getelementdetails v1.8.3/go.mod h1:y2FNy6NCyF7Ol1+SQ0BY2xleSo4++/z80hN4hQJDlMk=
github.com/Appkube-awsx/awsx-getelementdetails v1.8.4 h1:4d4GaO/J+bNOrkWQVhg036Wwsw71NRnpWEHbhpQxYM4=
github.com/Appkube-awsx/awsx-getelementdetails v1.8.4/go.mod h1:y2FNy6NCyF7Ol1+SQ0BY2xleSo4++/z80hN4hQJDlMk=
github.com/Appkube-awsx/awsx-getelementdetails v1.8.6 h1:UbF04Lr6dUDdQoffGbSe8443MbZMR5UCR3CKfc9nVm4=
github.com/Appkube-awsx/awsx-getelementdetails v1.8.6/go.mod h1:y2FNy6NCyF7Ol1+SQ0BY2xleSo4++/z80hN4hQJDlMk=
github.com/Appkube-awsx/awsx-getelementdetails v1.8.7 h1:stGw4/7vbFAap2v0kjFoezq+AUpWVDPuGIWvJFy/rTc=
github.com/Appkube-awsx/awsx-getelementdetails v1.8.7/go.mod h1:y2FNy6NCyF7Ol1+SQ0BY2xleSo4++/z80hN4hQJDlMk=
github.com/Appkube-awsx/awsx-getelementdetails v1.8.8 h1:8RraQ9ihJSBb0JrmReagiUaTm8B17j4bQYvPfJiJLRk=
github.com/Appkube-awsx/awsx-getelementdetails v1.8.8/go.mod h1:y2FNy6NCyF7Ol1+SQ0BY2xleSo4++/z80hN4hQJDlMk=
github.com/Appkube-awsx/awsx-getelementdetails v1.8.9 h1:i+3+y9yNxISdXqnfvK9R04+MAila6r8Betm3d2Bmbjw=
github.com/Appkube-awsx/awsx-getelementdetails v1.8.9/go.mod h1:y2FNy6NCyF7Ol1+SQ0BY2xleSo4++/z80hN4hQJDlMk=
github.com/Appkube-awsx/awsx-getlandingzonedetails v1.0.2 h1:IH8/qydxHnvAJB5DoeYqOx/evExl5Sjr2wD6FocNMMQ=
github.com/Appkube-awsx/awsx-getlandingzonedetails v1.0.2/go.mod h1:8RqnSCioulmXv3HrEvBkuEwTX3i6y1DDbOi/gVEPIlY=
github.com/aws/aws-sdk-go v1.51.0 h1:EA6GlEYMT3ouCO+v+oTWzKB/vcoHD2T9H9qulRx3lPg=
github.com/aws/aws-sdk-go v1.51.0/go.mod h1:LF8svs817+Nz+DmiMQKTO3ubZ/6IaTpq3TjupRn3Eqk=
github.com/beorn7/perks v1.0.1 h1:VlbKKnNfV8bJzeqoa4cOKqO6bYr3WgKZxO8Z16+hsOM=
github.com/beorn7/perks v1.0.1/go.mod h1:G2ZrVWU2WbWT9wwq4/hrbKbnv/1ERSJQ0ibhJ6rlkpw=
github.com/cespare/xxhash/v2 v2.2.0 h1:DC2CZ1Ep5Y4k3ZQ899DldepgrayRUGE6BBZ/cd9Cj44=
github.com/cespare/xxhash/v2 v2.2.0/go.mod h1:VGX0DQ3Q6kWi7AoAeZDth3/j3BFtOZR5XLFGgcrjCOs=
github.com/coreos/go-systemd/v22 v22.3.3-0.20220203105225-a9a7ef127534/go.mod h1:Y58oyj3AT4RCenI/lSvhwexgC+NSVTIJ3seZv2GcEnc=
github.com/cpuguy83/go-md2man/v2 v2.0.3/go.mod h1:tgQtvFlXSQOSOSIRvRPT7W67SCa46tRHOmNcaadrF8o=
github.com/creack/pty v1.1.9/go.mod h1:oKZEueFk5CKHvIhNR5MUki03XCEU+Q6VDXinZuGJ33E=
github.com/davecgh/go-spew v1.1.0/go.mod h1:J7Y8YcW2NihsgmVo/mv3lAwl/skON4iLHjSsI+c5H38=
github.com/davecgh/go-spew v1.1.1 h1:vj9j/u1bqnvCEfJOwUhtlOARqs3+rkHYY13jYWTU97c=
github.com/godbus/dbus/v5 v5.0.4/go.mod h1:xhWf0FNVPg57R7Z0UbKHbJfkEywrmjJnf7w5xrFpKfA=
github.com/golang/protobuf v1.5.0/go.mod h1:FsONVRAS9T7sI+LIUmWTfcYkHO4aIWwzhcaSAoJOfIk=
github.com/google/go-cmp v0.5.5/go.mod h1:v8dTdLbMG2kIc/vJvl+f65V22dbkXbowE6jgT/gNBxE=
github.com/google/go-cmp v0.5.9 h1:O2Tfq5qg4qc4AmwVlvv0oLiVAGB7enBSJ2x2DqQFi38=
github.com/gorilla/mux v1.8.0 h1:i40aqfkR1h2SlN9hojwV5ZA91wcXFOvkdNIeFDP5koI=
github.com/gorilla/mux v1.8.0/go.mod h1:DVbg23sWSpFRCP0SfiEN6jmj59UnW/n46BH5rLB71So=
github.com/inconshreveable/mousetrap v1.1.0 h1:wN+x4NVGpMsO7ErUn/mUI3vEoE6Jt13X2s0bqwp9tc8=
github.com/inconshreveable/mousetrap v1.1.0/go.mod h1:vpF70FUmC8bwa3OWnCshd2FqLfsEA9PFc4w1p2J65bw=
github.com/jmespath/go-jmespath v0.4.0 h1:BEgLn5cpjn8UN1mAw4NjwDrS35OdebyEtFe+9YPoQUg=
github.com/jmespath/go-jmespath v0.4.0/go.mod h1:T8mJZnbsbmF+m6zOOFylbeCJqk5+pHWvzYPziyZiYoo=
github.com/jmespath/go-jmespath/internal/testify v1.5.1 h1:shLQSRRSCCPj3f2gpwzGwWFoC7ycTf1rcQZHOlsJ6N8=
github.com/jmespath/go-jmespath/internal/testify v1.5.1/go.mod h1:L3OGu8Wl2/fWfCI6z80xFu9LTZmf1ZRjMHUOPmWr69U=
github.com/kr/pretty v0.3.1 h1:flRD4NNwYAUpkphVc1HcthR4KEIFJ65n8Mw5qdRn3LE=
github.com/kr/text v0.2.0 h1:5Nx0Ya0ZqY2ygV366QzturHI13Jq95ApcVaJBhpS+AY=
github.com/kr/text v0.2.0/go.mod h1:eLer722TekiGuMkidMxC/pM04lWEeraHUUmBw8l2grE=
github.com/mattn/go-colorable v0.1.12/go.mod h1:u5H1YNBxpqRaxsYJYSkiCWKzEfiAb1Gb520KVy5xxl4=
github.com/mattn/go-colorable v0.1.13 h1:fFA4WZxdEF4tXPZVKMLwD8oUnCTTo08duU7wxecdEvA=
github.com/mattn/go-colorable v0.1.13/go.mod h1:7S9/ev0klgBDR4GtXTXX8a3vIGJpMovkB8vQcUbaXHg=
github.com/mattn/go-isatty v0.0.14/go.mod h1:7GGIvUiUoEMVVmxf/4nioHXj79iQHKdU27kJ6hsGG94=
github.com/mattn/go-isatty v0.0.16/go.mod h1:kYGgaQfpe5nmfYZH+SKPsOc2e4SrIfOl2e/yFXSvRLM=
github.com/mattn/go-isatty v0.0.17 h1:BTarxUcIeDqL27Mc+vyvdWYSL28zpIhv3RoTdsLMPng=
github.com/mattn/go-isatty v0.0.17/go.mod h1:kYGgaQfpe5nmfYZH+SKPsOc2e4SrIfOl2e/yFXSvRLM=
github.com/mattn/go-runewidth v0.0.9 h1:Lm995f3rfxdpd6TSmuVCHVb/QhupuXlYr8sCI/QdE+0=
github.com/mattn/go-runewidth v0.0.9/go.mod h1:H031xJmbD/WCDINGzjvQ9THkh0rPKHF+m2gUSrubnMI=
github.com/matttproud/golang_protobuf_extensions/v2 v2.0.0 h1:jWpvCLoY8Z/e3VKvlsiIGKtc+UG6U5vzxaoagmhXfyg=
github.com/matttproud/golang_protobuf_extensions/v2 v2.0.0/go.mod h1:QUyp042oQthUoa9bqDv0ER0wrtXnBruoNd7aNjkbP+k=
github.com/olekukonko/tablewriter v0.0.5 h1:P2Ga83D34wi1o9J6Wh1mRuqd4mF/x/lgBS7N7AbDhec=
github.com/olekukonko/tablewriter v0.0.5/go.mod h1:hPp6KlRPjbx+hW8ykQs1w3UBbZlj6HuIJcUGPhkA7kY=
github.com/pkg/errors v0.9.1/go.mod h1:bwawxfHBFNV+L2hUp1rHADufV3IMtnDRdf1r5NINEl0=
github.com/pmezard/go-difflib v1.0.0 h1:4DBwDE0NGyQoBHbLQYPwSUPoCMWR5BEzIk/f1lZbAQM=
github.com/pmezard/go-difflib v1.0.0/go.mod h1:iKH77koFhYxTK1pcRnkKkqfTogsbg7gZNVY4sRDYZ/4=
github.com/prometheus/client_golang v1.18.0 h1:HzFfmkOzH5Q8L8G+kSJKUx5dtG87sewO+FoDDqP5Tbk=
github.com/prometheus/client_golang v1.18.0/go.mod h1:T+GXkCk5wSJyOqMIzVgvvjFDlkOQntgjkJWKrN5txjA=
github.com/prometheus/client_model v0.5.0 h1:VQw1hfvPvk3Uv6Qf29VrPF32JB6rtbgI6cYPYQjL0Qw=
github.com/prometheus/client_model v0.5.0/go.mod h1:dTiFglRmd66nLR9Pv9f0mZi7B7fk5Pm3gvsjB5tr+kI=
github.com/prometheus/common v0.45.0 h1:2BGz0eBc2hdMDLnO/8n0jeB3oPrt2D08CekT0lneoxM=
github.com/prometheus/common v0.45.0/go.mod h1:YJmSTw9BoKxJplESWWxlbyttQR4uaEcGyv9MZjVOJsY=
github.com/prometheus/procfs v0.12.0 h1:jluTpSng7V9hY0O2R9DzzJHYb2xULk9VTR1V1R/k6Bo=
github.com/prometheus/procfs v0.12.0/go.mod h1:pcuDEFsWDnvcgNzo4EEweacyhjeA9Zk3cnaOZAZEfOo=
github.com/rogpeppe/go-internal v1.10.0 h1:TMyTOH3F/DB16zRVcYyreMH6GnZZrwQVAoYjRBZyWFQ=
github.com/rs/xid v1.4.0/go.mod h1:trrq9SKmegXys3aeAKXMUTdJsYXVwGY3RLcfgqegfbg=
github.com/rs/zerolog v1.29.0 h1:Zes4hju04hjbvkVkOhdl2HpZa+0PmVwigmo8XoORE5w=
github.com/rs/zerolog v1.29.0/go.mod h1:NILgTygv/Uej1ra5XxGf82ZFSLk58MFGAUS2o6usyD0=
github.com/russross/blackfriday/v2 v2.1.0/go.mod h1:+Rmxgy9KzJVeS9/2gXHxylqXiyQDYRxCVz55jmeOWTM=
github.com/spf13/cobra v1.8.0 h1:7aJaZx1B85qltLMc546zn58BxxfZdR/W22ej9CFoEf0=
github.com/spf13/cobra v1.8.0/go.mod h1:WXLWApfZ71AjXPya3WOlMsY9yMs7YeiHhFVlvLyhcho=
github.com/spf13/pflag v1.0.5 h1:iy+VFUOCP1a+8yFto/drg2CJ5u0yRoB7fZw3DKv/JXA=
github.com/spf13/pflag v1.0.5/go.mod h1:McXfInJRrz4CZXVZOBLb0bTZqETkiAhM9Iw0y3An2Bg=
github.com/stretchr/objx v0.1.0/go.mod h1:HFkY916IF+rwdDfMAkV7OtwuqBVzrE8GR6GFx+wExME=
golang.org/x/net v0.17.0 h1:pVaXccu2ozPjCXewfr1S7xza/zcXTity9cCdXQYSjIM=
golang.org/x/sys v0.0.0-20210630005230-0f9fa26af87c/go.mod h1:oPkhp1MJrh7nUepCBck5+mAzfO9JrbApNNgaTdGDITg=
golang.org/x/sys v0.0.0-20210927094055-39ccf1dd6fa6/go.mod h1:oPkhp1MJrh7nUepCBck5+mAzfO9JrbApNNgaTdGDITg=
golang.org/x/sys v0.0.0-20220811171246-fbc7d0a398ab/go.mod h1:oPkhp1MJrh7nUepCBck5+mAzfO9JrbApNNgaTdGDITg=
golang.org/x/sys v0.15.0 h1:h48lPFYpsTvQJZF4EKyI4aLHaev3CxivZmv7yZig9pc=
golang.org/x/sys v0.15.0/go.mod h1:/VUhepiaJMQUp4+oa/7Zr1D23ma6VTLIYjOOTFZPUcA=
golang.org/x/text v0.14.0 h1:ScX5w1eTa3QqT8oi6+ziP7dTV1S2+ALU0bI+0zXKWiQ=
golang.org/x/xerrors v0.0.0-20191204190536-9bdfabe68543/go.mod h1:I/5z698sn9Ka8TeJc9MKroUUfqBBauWjQqLJ2OPfmY0=
google.golang.org/protobuf v1.26.0-rc.1/go.mod h1:jlhhOSvTdKEhbULTjvd4ARK9grFBp09yW+WbY/TyQbw=
google.golang.org/protobuf v1.31.0 h1:g0LDEJHgrBl9N9r17Ru3sqWhkIx2NB67okBHPwC7hs8=
google.golang.org/protobuf v1.31.0/go.mod h1:HV8QOd/L58Z+nl8r43ehVNZIU/HEI6OcFqwMG9pJV4I=
gopkg.in/check.v1 v0.0.0-20161208181325-20d25e280405/go.mod h1:Co6ibVJAznAaIkqp8huTwlJQCZ016jof/cbN4VW5Yz0=
gopkg.in/check.v1 v1.0.0-20201130134442-10cb98267c6c h1:Hei/4ADfdWqJk1ZMxUNpqntNwaWcugrBjAiHlqqRiVk=
gopkg.in/yaml.v2 v2.2.8/go.mod h1:hI93XBmqTisBFMUTm0b8Fm+jr3Dg1NNxqwp+5A1VGuI=
gopkg.in/yaml.v2 v2.4.0 h1:D8xgwECY7CYvx+Y2n4sBz93Jn9JRvxdiyyo8CTfuKaY=
gopkg.in/yaml.v3 v3.0.1 h1:fxVm/GzAzEWqLHuvctI91KS9hhNmmWOoWu0XTYJS7CA=
gopkg.in/yaml.v3 v3.0.1/go.mod h1:K4uyk7z7BCEPqu6E+C64Yfv1cQ7kz7rIZviUmN+EgEM=
