github.com/Appkube-awsx/awsx-cdn v1.0.0 h1:Rwgay/pxfSSd+rIR1xVot6SYIaraLjEeWlQlnc4zdOo=
github.com/Appkube-awsx/awsx-cdn v1.0.0/go.mod h1:dtYhot+PT3vgdrKTl1IUNIWgwQeil1zF8oU5xi1qRS0=
github.com/Appkube-awsx/awsx-cdn v1.0.1 h1:fr4iCkv4MJGoGfb+v1JTm6acCR+Nx/tH/ejBBYd6f7k=
github.com/Appkube-awsx/awsx-cdn v1.0.1/go.mod h1:dtYhot+PT3vgdrKTl1IUNIWgwQeil1zF8oU5xi1qRS0=
github.com/Appkube-awsx/awsx-cloudelements v1.0.8 h1:XUtUAdvvzU5jouHerTPfQi6zQI191NFpU/Yz627Sfq0=
github.com/Appkube-awsx/awsx-cloudelements v1.0.8/go.mod h1:0TDb4ZcAXbxAupXvXuJc/qUpZ5U1iiZsF2e0Dj9Hd48=
github.com/Appkube-awsx/awsx-cloudelements v1.0.9 h1:P5xfzfu3m19OqajqCjUDOySl9h8xrOQa2IgyFr4KRMo=
github.com/Appkube-awsx/awsx-cloudelements v1.0.9/go.mod h1:0TDb4ZcAXbxAupXvXuJc/qUpZ5U1iiZsF2e0Dj9Hd48=
github.com/Appkube-awsx/awsx-cloudelements v1.1.0 h1:vIq0arD4+yiPxyH0gO2+uNosySW8lgUvjilxt39OSrA=
github.com/Appkube-awsx/awsx-cloudelements v1.1.0/go.mod h1:Zi1Gg0JGeQ1i3vvMAbbdJl3KXDOk7SQWHuWeIX0pbd4=
github.com/Appkube-awsx/awsx-cloudelements v1.1.2 h1:xunJNNOgTxbvKveflhsaJLOj4PAJiEheQCvct4T9soU=
github.com/Appkube-awsx/awsx-cloudelements v1.1.2/go.mod h1:SG/YPpa88bSepGEJ6ByV1WWkC3tn8YWhiGVozDQmhe0=
github.com/Appkube-awsx/awsx-cloudelements v1.1.3 h1:ISxlqp87XrfHFcth97IKAK2AL6OShokf/mxxIKsPyAU=
github.com/Appkube-awsx/awsx-cloudelements v1.1.3/go.mod h1:SG/YPpa88bSepGEJ6ByV1WWkC3tn8YWhiGVozDQmhe0=
github.com/Appkube-awsx/awsx-cloudelements v1.1.5 h1:sFZCwbpLa0iQY8bz6mf3WcLmOZQhjgGxltm06LHG8Xo=
github.com/Appkube-awsx/awsx-cloudelements v1.1.5/go.mod h1:eMZUGbNe3bU4Hl0yXDy0QC9u9mrBio3qqbdlBINaVdY=
github.com/Appkube-awsx/awsx-cloudelements v1.1.6 h1:v4hb/ZpdNEFnAkbMTZeJb7hCg08fX2q+OiSNZQdridk=
github.com/Appkube-awsx/awsx-cloudelements v1.1.6/go.mod h1:eMZUGbNe3bU4Hl0yXDy0QC9u9mrBio3qqbdlBINaVdY=
github.com/Appkube-awsx/awsx-cloudelements v1.1.7 h1:a7FeJRM4PIyxBwA9NrAs8ngQCd4QwohWJc9d7BJ66ko=
github.com/Appkube-awsx/awsx-cloudelements v1.1.7/go.mod h1:eMZUGbNe3bU4Hl0yXDy0QC9u9mrBio3qqbdlBINaVdY=
github.com/Appkube-awsx/awsx-common v1.0.9 h1:QTlRmNbCm6l5eJARhh6UYcvFiIh7NC4WIfG8n0gD3Uc=
github.com/Appkube-awsx/awsx-common v1.0.9/go.mod h1:c/C5LfwJK1gfvhfmQT/KN2mJNG4+cyDHV5heLTVX6wc=
github.com/Appkube-awsx/awsx-common v1.1.0 h1:Q/Heg0BCOJpX/Mu8a48RygUFqM8kSKir+KyDQcNiGWM=
github.com/Appkube-awsx/awsx-common v1.1.0/go.mod h1:c/C5LfwJK1gfvhfmQT/KN2mJNG4+cyDHV5heLTVX6wc=
github.com/Appkube-awsx/awsx-common v1.1.2 h1:OJjNEJd8ViGL3irNMPoBrJkuuI97k6dG+hINFrNdlnM=
github.com/Appkube-awsx/awsx-common v1.1.2/go.mod h1:ZNNCZD2KYBNaNIpnV8UUrwlIb6nAcCkaEbOpHab/HyQ=
github.com/Appkube-awsx/awsx-common v1.1.3 h1:mMAdqvFD5dLnIsnLtl0wN/coeOnCOtybcoX3+1TMQB8=
github.com/Appkube-awsx/awsx-common v1.1.3/go.mod h1:ZNNCZD2KYBNaNIpnV8UUrwlIb6nAcCkaEbOpHab/HyQ=
github.com/Appkube-awsx/awsx-common v1.1.6 h1:/nDJSkX6TG5MDTk4GMbErPBuzzBdoC7/02vxM6Xx04k=
github.com/Appkube-awsx/awsx-common v1.1.6/go.mod h1:ZNNCZD2KYBNaNIpnV8UUrwlIb6nAcCkaEbOpHab/HyQ=
github.com/Appkube-awsx/awsx-common v1.1.7 h1:l+nbDTNQDqsAXVpJqdFlbzwnpu2M985Sy4eDdt+7EiU=
github.com/Appkube-awsx/awsx-common v1.1.7/go.mod h1:ZNNCZD2KYBNaNIpnV8UUrwlIb6nAcCkaEbOpHab/HyQ=
github.com/Appkube-awsx/awsx-common v1.1.9 h1:+O0/WujYlGQEP5ZRnF03qKgYvkCp/Ys1kRn5twoLr+Q=
github.com/Appkube-awsx/awsx-common v1.1.9/go.mod h1:ZNNCZD2KYBNaNIpnV8UUrwlIb6nAcCkaEbOpHab/HyQ=
github.com/Appkube-awsx/awsx-dynamodb v1.0.0 h1:xUnv8HM+jKQTUFAJj6Z3bDJtCp1/7xq0m6AbF6hs2PE=
github.com/Appkube-awsx/awsx-dynamodb v1.0.0/go.mod h1:dl1Q7amTZYdY+B/Oijvc/uXcjfwByEXb7c6xqB1cks8=
github.com/Appkube-awsx/awsx-ec2 v1.0.0 h1:J2A/ALsBBSqsmDlcyz8ptcaIappTD7vWPrGq+CyjITM=
github.com/Appkube-awsx/awsx-ec2 v1.0.0/go.mod h1:ZfgQohBm2P/tuqL8tDTn6Y5rmlV2SmdMoErZVZgqwWM=
github.com/Appkube-awsx/awsx-ecs v1.0.0 h1:MoOmR+gNLEFssJGMVT7lklHOqFVQm+FhatUWL86VizU=
github.com/Appkube-awsx/awsx-ecs v1.0.0/go.mod h1:SrHGq/Sp9xhTkObPmQyWu4Bv9Fz8+TtfaTmC5r18zxk=
github.com/Appkube-awsx/awsx-ecs v1.0.1 h1:q5EStizAMf+q7UTxkxhgAyWeSPeAUXM//opKOs8tTeQ=
github.com/Appkube-awsx/awsx-ecs v1.0.1/go.mod h1:SrHGq/Sp9xhTkObPmQyWu4Bv9Fz8+TtfaTmC5r18zxk=
github.com/Appkube-awsx/awsx-eks v1.0.1 h1:rq/ClqB8B9i6AuhABajBDLikaLwK9USFAkvJUcBiHFk=
github.com/Appkube-awsx/awsx-eks v1.0.1/go.mod h1:0lo2JBkDYdvlB/BWc9+Pb+OBnEE5WmpnGiEPs6/tMzM=
github.com/Appkube-awsx/awsx-eks v1.0.2 h1:+hMzfSG56eqV5P9tJrnC+WCPhXo35Xypn0HD+XR25BI=
github.com/Appkube-awsx/awsx-eks v1.0.2/go.mod h1:0lo2JBkDYdvlB/BWc9+Pb+OBnEE5WmpnGiEPs6/tMzM=
github.com/Appkube-awsx/awsx-glue v0.0.0-20230922095315-536065510dc4 h1:cCuOGGDZSb9rnhmfzqBcJ3sDMc0DauPrfv6GBUQdCRA=
github.com/Appkube-awsx/awsx-glue v0.0.0-20230922095315-536065510dc4/go.mod h1:soZcAHzxA6V9un14ZCw54S9gCdlO/dnkN3AAFds11Fk=
github.com/Appkube-awsx/awsx-kinesys v1.0.1 h1:fpEDBaMBIdCHs+aQ04GMEXzS6btQ6LczGYwBBDfilrI=
github.com/Appkube-awsx/awsx-kinesys v1.0.1/go.mod h1:/pXBcFzAYGjdQWvOBWiHwWO/KOaC64hYc9Nl7VMZyfc=
github.com/Appkube-awsx/awsx-kinesys v1.0.2 h1:yLNQfbtOOUaLzjzLXrHhvyshxoWkHDhKq/HWqRWzCKk=
github.com/Appkube-awsx/awsx-kinesys v1.0.2/go.mod h1:/pXBcFzAYGjdQWvOBWiHwWO/KOaC64hYc9Nl7VMZyfc=
github.com/Appkube-awsx/awsx-kms v0.0.0-20230921103052-9e84767773ea h1:J6VUqZrOLumFqUWIVJgzUgM7VDK0kOJdr3n6fGzbnN0=
github.com/Appkube-awsx/awsx-kms v0.0.0-20230921103052-9e84767773ea/go.mod h1:GXYbvkHER+7wtVEpNp5ltwEyV+duH1wiat8pwECiUKM=
github.com/Appkube-awsx/awsx-lambda v1.0.3 h1:dSlsHIASrrc4bxGpaqDNQMjqdzNY6VaWR3wZfF5xMzM=
github.com/Appkube-awsx/awsx-lambda v1.0.3/go.mod h1:zNSLIwGPwQMdLuTp+Sq8nQ8MTBvjXM+NtG34uHS/cgo=
github.com/Appkube-awsx/awsx-lambda v1.0.6 h1:en6XofX0tMv302IKg32R6OKfQP7XcKz27IW+ukXNKu0=
github.com/Appkube-awsx/awsx-lambda v1.0.6/go.mod h1:5XsqhvJhbvhL1BGdeALbS+a5MJSZrAFmQMMvur2+QNw=
github.com/Appkube-awsx/awsx-lambda v1.0.7 h1:iiVQ+yY+BPnPIEBmKjhKOSgt5J+4wMMlufankVEjqW8=
github.com/Appkube-awsx/awsx-lambda v1.0.7/go.mod h1:5XsqhvJhbvhL1BGdeALbS+a5MJSZrAFmQMMvur2+QNw=
github.com/Appkube-awsx/awsx-rds v0.0.0-20230915121119-7ef02e973122 h1:HZAE67Bv3y488VNSBXEmq3+zZj4jCb0jjdEG2g6nrjs=
github.com/Appkube-awsx/awsx-rds v0.0.0-20230915121119-7ef02e973122/go.mod h1:RVEABeWMDU5KDrVIylyFBeHpeRA/E/jOFU6St2GJ+s0=
github.com/Appkube-awsx/awsx-rds v1.0.0 h1:OF8n66EXi1n3Iw7zGiigjNUSOwKWose9i5h2kufffXk=
github.com/Appkube-awsx/awsx-rds v1.0.0/go.mod h1:RVEABeWMDU5KDrVIylyFBeHpeRA/E/jOFU6St2GJ+s0=
github.com/Appkube-awsx/awsx-s3 v1.0.0 h1:EQJHb69GqUxAbafblI+q+1T0+rOzXqc/h+t+zQ8LPiw=
github.com/Appkube-awsx/awsx-s3 v1.0.0/go.mod h1:YtEe63eH5zfjqn0WMS+V3rDvcJn4vxKfPqIXl+VGW20=
github.com/Appkube-awsx/awsx-s3 v1.0.1 h1:UVJKeo74jN4eEZXjoBIp34qvEhrsGJHZ/uvqKzbUO2s=
github.com/Appkube-awsx/awsx-s3 v1.0.1/go.mod h1:YtEe63eH5zfjqn0WMS+V3rDvcJn4vxKfPqIXl+VGW20=
github.com/Appkube-awsx/awsx-s3 v1.0.2 h1:kOhirOyhZB9ZUxgUHXbb18ugTBszi/rWGxDJawuj6pQ=
github.com/Appkube-awsx/awsx-s3 v1.0.2/go.mod h1:YtEe63eH5zfjqn0WMS+V3rDvcJn4vxKfPqIXl+VGW20=
github.com/Appkube-awsx/awsx-s3 v1.1.7 h1:Sf58E9X3SHDdldqN4X7Z0VrLfqPgMiHCdTuBM9fCEDs=
github.com/Appkube-awsx/awsx-s3 v1.1.7/go.mod h1:YtEe63eH5zfjqn0WMS+V3rDvcJn4vxKfPqIXl+VGW20=
github.com/Appkube-awsx/awsx-vpc v1.0.2 h1:wD7a27R8ebqwdmY9gCJzTYT1ExxnamDasP/Hoe5s36k=
github.com/Appkube-awsx/awsx-vpc v1.0.2/go.mod h1:aMEg6E695dxxV+LBzqkxhvo6WHf5xP8lOwVXagmluN8=
github.com/Appkube-awsx/awsx-vpc v1.0.3 h1:8LVy8CcFnizPHN9YplNYib+tn0Hy9BK+M9jHf5n51BI=
github.com/Appkube-awsx/awsx-vpc v1.0.3/go.mod h1:n/fLvplRImwDxHTfrnLC37NiuUJmWrMb9kxQ9u9kY58=
github.com/Appkube-awsx/awsx-vpc v1.0.4 h1:M1S2EDcuqft9a4Pg3mySbTQMcIwAsp1aMjmF6CooCG0=
github.com/Appkube-awsx/awsx-vpc v1.0.4/go.mod h1:n/fLvplRImwDxHTfrnLC37NiuUJmWrMb9kxQ9u9kY58=
github.com/Appkube-awsx/awsx-vpc v1.0.5 h1:DUO9uOqMX6M6Kqon0NwFM2yp+Kq53uMumyTOkngPfwk=
github.com/Appkube-awsx/awsx-vpc v1.0.5/go.mod h1:n/fLvplRImwDxHTfrnLC37NiuUJmWrMb9kxQ9u9kY58=
github.com/Appkube-awsx/awsx-waf v1.0.0 h1:QmNg8dmQp3ZyFM9WK83nkIkDmjb6GYvuZ/rJUHfwbHc=
github.com/Appkube-awsx/awsx-waf v1.0.0/go.mod h1:qWWu8m3UlcpoTgeidjeqnHIJMcZUGpLy/+llv7wBAJw=
github.com/aws/aws-sdk-go v1.44.213 h1:WahquyWs7cQdz0vpDVWyWETEemgSoORx0PbWL9oz2WA=
github.com/aws/aws-sdk-go v1.44.213/go.mod h1:aVsgQcEevwlmQ7qHE9I3h+dtQgpqhFB+i8Phjh7fkwI=
github.com/aws/aws-sdk-go v1.44.246 h1:iLxPX6JU0bxAci9R6/bp8rX0kL871ByCTx0MZlQWv1U=
github.com/aws/aws-sdk-go v1.44.246/go.mod h1:aVsgQcEevwlmQ7qHE9I3h+dtQgpqhFB+i8Phjh7fkwI=
github.com/aws/aws-sdk-go v1.45.9 h1:ks4nMaagM/0jeOFUxWxx9C009vkrdgm3lgcnciet1YU=
github.com/aws/aws-sdk-go v1.45.9/go.mod h1:aVsgQcEevwlmQ7qHE9I3h+dtQgpqhFB+i8Phjh7fkwI=
github.com/coreos/go-systemd/v22 v22.3.3-0.20220203105225-a9a7ef127534/go.mod h1:Y58oyj3AT4RCenI/lSvhwexgC+NSVTIJ3seZv2GcEnc=
github.com/cpuguy83/go-md2man/v2 v2.0.2/go.mod h1:tgQtvFlXSQOSOSIRvRPT7W67SCa46tRHOmNcaadrF8o=
github.com/davecgh/go-spew v1.1.0/go.mod h1:J7Y8YcW2NihsgmVo/mv3lAwl/skON4iLHjSsI+c5H38=
github.com/davecgh/go-spew v1.1.1 h1:vj9j/u1bqnvCEfJOwUhtlOARqs3+rkHYY13jYWTU97c=
github.com/davecgh/go-spew v1.1.1/go.mod h1:J7Y8YcW2NihsgmVo/mv3lAwl/skON4iLHjSsI+c5H38=
github.com/godbus/dbus/v5 v5.0.4/go.mod h1:xhWf0FNVPg57R7Z0UbKHbJfkEywrmjJnf7w5xrFpKfA=
github.com/gorilla/mux v1.8.0 h1:i40aqfkR1h2SlN9hojwV5ZA91wcXFOvkdNIeFDP5koI=
github.com/gorilla/mux v1.8.0/go.mod h1:DVbg23sWSpFRCP0SfiEN6jmj59UnW/n46BH5rLB71So=
github.com/inconshreveable/mousetrap v1.0.1/go.mod h1:vpF70FUmC8bwa3OWnCshd2FqLfsEA9PFc4w1p2J65bw=
github.com/inconshreveable/mousetrap v1.1.0 h1:wN+x4NVGpMsO7ErUn/mUI3vEoE6Jt13X2s0bqwp9tc8=
github.com/inconshreveable/mousetrap v1.1.0/go.mod h1:vpF70FUmC8bwa3OWnCshd2FqLfsEA9PFc4w1p2J65bw=
github.com/jmespath/go-jmespath v0.4.0 h1:BEgLn5cpjn8UN1mAw4NjwDrS35OdebyEtFe+9YPoQUg=
github.com/jmespath/go-jmespath v0.4.0/go.mod h1:T8mJZnbsbmF+m6zOOFylbeCJqk5+pHWvzYPziyZiYoo=
github.com/jmespath/go-jmespath/internal/testify v1.5.1 h1:shLQSRRSCCPj3f2gpwzGwWFoC7ycTf1rcQZHOlsJ6N8=
github.com/jmespath/go-jmespath/internal/testify v1.5.1/go.mod h1:L3OGu8Wl2/fWfCI6z80xFu9LTZmf1ZRjMHUOPmWr69U=
github.com/mattn/go-colorable v0.1.12/go.mod h1:u5H1YNBxpqRaxsYJYSkiCWKzEfiAb1Gb520KVy5xxl4=
github.com/mattn/go-colorable v0.1.13 h1:fFA4WZxdEF4tXPZVKMLwD8oUnCTTo08duU7wxecdEvA=
github.com/mattn/go-colorable v0.1.13/go.mod h1:7S9/ev0klgBDR4GtXTXX8a3vIGJpMovkB8vQcUbaXHg=
github.com/mattn/go-isatty v0.0.14/go.mod h1:7GGIvUiUoEMVVmxf/4nioHXj79iQHKdU27kJ6hsGG94=
github.com/mattn/go-isatty v0.0.16/go.mod h1:kYGgaQfpe5nmfYZH+SKPsOc2e4SrIfOl2e/yFXSvRLM=
github.com/mattn/go-isatty v0.0.17 h1:BTarxUcIeDqL27Mc+vyvdWYSL28zpIhv3RoTdsLMPng=
github.com/mattn/go-isatty v0.0.17/go.mod h1:kYGgaQfpe5nmfYZH+SKPsOc2e4SrIfOl2e/yFXSvRLM=
github.com/pkg/errors v0.9.1/go.mod h1:bwawxfHBFNV+L2hUp1rHADufV3IMtnDRdf1r5NINEl0=
github.com/pmezard/go-difflib v1.0.0 h1:4DBwDE0NGyQoBHbLQYPwSUPoCMWR5BEzIk/f1lZbAQM=
github.com/pmezard/go-difflib v1.0.0/go.mod h1:iKH77koFhYxTK1pcRnkKkqfTogsbg7gZNVY4sRDYZ/4=
github.com/rs/xid v1.4.0/go.mod h1:trrq9SKmegXys3aeAKXMUTdJsYXVwGY3RLcfgqegfbg=
github.com/rs/zerolog v1.29.0 h1:Zes4hju04hjbvkVkOhdl2HpZa+0PmVwigmo8XoORE5w=
github.com/rs/zerolog v1.29.0/go.mod h1:NILgTygv/Uej1ra5XxGf82ZFSLk58MFGAUS2o6usyD0=
github.com/russross/blackfriday/v2 v2.1.0/go.mod h1:+Rmxgy9KzJVeS9/2gXHxylqXiyQDYRxCVz55jmeOWTM=
github.com/spf13/cobra v1.6.1 h1:o94oiPyS4KD1mPy2fmcYYHHfCxLqYjJOhGsCHFZtEzA=
github.com/spf13/cobra v1.6.1/go.mod h1:IOw/AERYS7UzyrGinqmz6HLUo219MORXGxhbaJUqzrY=
github.com/spf13/cobra v1.7.0 h1:hyqWnYt1ZQShIddO5kBpj3vu05/++x6tJ6dg8EC572I=
github.com/spf13/cobra v1.7.0/go.mod h1:uLxZILRyS/50WlhOIKD7W6V5bgeIt+4sICxh6uRMrb0=
github.com/spf13/pflag v1.0.5 h1:iy+VFUOCP1a+8yFto/drg2CJ5u0yRoB7fZw3DKv/JXA=
github.com/spf13/pflag v1.0.5/go.mod h1:McXfInJRrz4CZXVZOBLb0bTZqETkiAhM9Iw0y3An2Bg=
github.com/stretchr/objx v0.1.0/go.mod h1:HFkY916IF+rwdDfMAkV7OtwuqBVzrE8GR6GFx+wExME=
github.com/yuin/goldmark v1.4.13/go.mod h1:6yULJ656Px+3vBD8DxQVa3kxgyrAnzto9xy5taEt/CY=
golang.org/x/crypto v0.0.0-20190308221718-c2843e01d9a2/go.mod h1:djNgcEr1/C05ACkg1iLfiJU5Ep61QUkGW8qpdssI0+w=
golang.org/x/crypto v0.0.0-20210921155107-089bfa567519/go.mod h1:GvvjBRRGRdwPK5ydBHafDWAxML/pGHZbMvKqRZ5+Abc=
golang.org/x/mod v0.6.0-dev.0.20220419223038-86c51ed26bb4/go.mod h1:jJ57K6gSWd91VN4djpZkiMVwK6gcyfeH4XE8wZrZaV4=
golang.org/x/net v0.0.0-20190620200207-3b0461eec859/go.mod h1:z5CRVTTTmAJ677TzLLGU+0bjPO0LkuOLi4/5GtJWs/s=
golang.org/x/net v0.0.0-20210226172049-e18ecbb05110/go.mod h1:m0MpNAwzfU5UDzcl9v0D8zg8gWTRqZa9RBIspLL5mdg=
golang.org/x/net v0.0.0-20220722155237-a158d28d115b/go.mod h1:XRhObCWvk6IyKnWLug+ECip1KBveYUHfp+8e9klMJ9c=
golang.org/x/net v0.1.0/go.mod h1:Cx3nUiGt4eDBEyega/BKRp+/AlGL8hYe7U9odMt2Cco=
golang.org/x/sync v0.0.0-20190423024810-112230192c58/go.mod h1:RxMgew5VJxzue5/jJTE5uejpjVlOe/izrB70Jof72aM=
golang.org/x/sync v0.0.0-20220722155255-886fb9371eb4/go.mod h1:RxMgew5VJxzue5/jJTE5uejpjVlOe/izrB70Jof72aM=
golang.org/x/sys v0.0.0-20190215142949-d0b11bdaac8a/go.mod h1:STP8DvDyc/dI5b8T5hshtkjS+E42TnysNCUPdjciGhY=
golang.org/x/sys v0.0.0-20201119102817-f84b799fce68/go.mod h1:h1NjWce9XRLGQEsW7wpKNCjG9DtNlClVuFLEZdDNbEs=
golang.org/x/sys v0.0.0-20210615035016-665e8c7367d1/go.mod h1:oPkhp1MJrh7nUepCBck5+mAzfO9JrbApNNgaTdGDITg=
golang.org/x/sys v0.0.0-20210630005230-0f9fa26af87c/go.mod h1:oPkhp1MJrh7nUepCBck5+mAzfO9JrbApNNgaTdGDITg=
golang.org/x/sys v0.0.0-20210927094055-39ccf1dd6fa6/go.mod h1:oPkhp1MJrh7nUepCBck5+mAzfO9JrbApNNgaTdGDITg=
golang.org/x/sys v0.0.0-20220520151302-bc2c85ada10a/go.mod h1:oPkhp1MJrh7nUepCBck5+mAzfO9JrbApNNgaTdGDITg=
golang.org/x/sys v0.0.0-20220722155257-8c9f86f7a55f/go.mod h1:oPkhp1MJrh7nUepCBck5+mAzfO9JrbApNNgaTdGDITg=
golang.org/x/sys v0.0.0-20220811171246-fbc7d0a398ab/go.mod h1:oPkhp1MJrh7nUepCBck5+mAzfO9JrbApNNgaTdGDITg=
golang.org/x/sys v0.1.0/go.mod h1:oPkhp1MJrh7nUepCBck5+mAzfO9JrbApNNgaTdGDITg=
golang.org/x/sys v0.5.0 h1:MUK/U/4lj1t1oPg0HfuXDN/Z1wv31ZJ/YcPiGccS4DU=
golang.org/x/sys v0.5.0/go.mod h1:oPkhp1MJrh7nUepCBck5+mAzfO9JrbApNNgaTdGDITg=
golang.org/x/term v0.0.0-20201126162022-7de9c90e9dd1/go.mod h1:bj7SfCRtBDWHUb9snDiAeCFNEtKQo2Wmx5Cou7ajbmo=
golang.org/x/term v0.0.0-20210927222741-03fcf44c2211/go.mod h1:jbD1KX2456YbFQfuXm/mYQcufACuNUgVhRMnK/tPxf8=
golang.org/x/term v0.1.0/go.mod h1:jbD1KX2456YbFQfuXm/mYQcufACuNUgVhRMnK/tPxf8=
golang.org/x/text v0.3.0/go.mod h1:NqM8EUOU14njkJ3fqMW+pc6Ldnwhi/IjpwHt7yyuwOQ=
golang.org/x/text v0.3.3/go.mod h1:5Zoc/QRtKVWzQhOtBMvqHzDpF6irO9z98xDceosuGiQ=
golang.org/x/text v0.3.7/go.mod h1:u+2+/6zg+i71rQMx5EYifcz6MCKuco9NR6JIITiCfzQ=
golang.org/x/text v0.4.0/go.mod h1:mrYo+phRRbMaCq/xk9113O4dZlRixOauAjOtrjsXDZ8=
golang.org/x/tools v0.0.0-20180917221912-90fa682c2a6e/go.mod h1:n7NCudcB/nEzxVGmLbDWY5pfWTLqBcC2KZ6jyYvM4mQ=
golang.org/x/tools v0.0.0-20191119224855-298f0cb1881e/go.mod h1:b+2E5dAYhXwXZwtnZ6UAqBI28+e2cm9otk0dWdXHAEo=
golang.org/x/tools v0.1.12/go.mod h1:hNGJHUnrk76NpqgfD5Aqm5Crs+Hm0VOH/i9J2+nxYbc=
golang.org/x/xerrors v0.0.0-20190717185122-a985d3407aa7/go.mod h1:I/5z698sn9Ka8TeJc9MKroUUfqBBauWjQqLJ2OPfmY0=
gopkg.in/check.v1 v0.0.0-20161208181325-20d25e280405 h1:yhCVgyC4o1eVCa2tZl7eS0r+SDo693bJlVdllGtEeKM=
gopkg.in/check.v1 v0.0.0-20161208181325-20d25e280405/go.mod h1:Co6ibVJAznAaIkqp8huTwlJQCZ016jof/cbN4VW5Yz0=
gopkg.in/yaml.v2 v2.2.8 h1:obN1ZagJSUGI0Ek/LBmuj4SNLPfIny3KsKFopxRdj10=
gopkg.in/yaml.v2 v2.2.8/go.mod h1:hI93XBmqTisBFMUTm0b8Fm+jr3Dg1NNxqwp+5A1VGuI=
gopkg.in/yaml.v3 v3.0.1 h1:fxVm/GzAzEWqLHuvctI91KS9hhNmmWOoWu0XTYJS7CA=
gopkg.in/yaml.v3 v3.0.1/go.mod h1:K4uyk7z7BCEPqu6E+C64Yfv1cQ7kz7rIZviUmN+EgEM=
